{
  "version": 4,
  "terraform_version": "1.1.0",
  "serial": 1,
  "lineage": "d37b06cc-dfa4-7c84-67d6-130ade847775",
  "outputs": {},
  "resources": [
    {
      "mode": "managed",
      "type": "yandex_storage_bucket",
      "name": "ocelot-bucket",
      "provider": "provider[\"registry.terraform.io/yandex-cloud/yandex\"]",
      "instances": [
        {
          "schema_version": 0,
          "attributes": {
            "access_key": "ySyIpLhJHs1GZKYQPE-2",
            "acl": "private",
            "bucket": "ocelot-bucket",
            "bucket_domain_name": "ocelot-bucket.storage.yandexcloud.net",
            "bucket_prefix": null,
            "cors_rule": [],
            "force_destroy": true,
            "grant": [],
            "id": "ocelot-bucket",
            "lifecycle_rule": [],
            "logging": [],
            "policy": null,
            "secret_key": "IJp0Ztxhjv4wIHO2fgUkrLiCqRaevQ6QNd0ti2kh",
            "server_side_encryption_configuration": [],
            "versioning": [
              {
                "enabled": false
              }
            ],
            "website": [],
            "website_domain": null,
            "website_endpoint": null
          },
          "sensitive_attributes": [],
          "private": "bnVsbA=="
        }
      ]
    }
  ]
}
